// !$*UTF8*$!
{
	archiveVersion = 1;
	classes = {
	};
	objectVersion = 46;
	objects = {

/* Begin PBXBuildFile section */
		94DC630C14273AD000151B26 /* Cocoa.framework in Frameworks */ = {isa = PBXBuildFile; fileRef = 94DC630B14273AD000151B26 /* Cocoa.framework */; };
		94DC631614273AD000151B26 /* InfoPlist.strings in Resources */ = {isa = PBXBuildFile; fileRef = 94DC631414273AD000151B26 /* InfoPlist.strings */; };
		94DC631814273AD000151B26 /* main.m in Sources */ = {isa = PBXBuildFile; fileRef = 94DC631714273AD000151B26 /* main.m */; };
		94DC631C14273AD000151B26 /* Credits.rtf in Resources */ = {isa = PBXBuildFile; fileRef = 94DC631A14273AD000151B26 /* Credits.rtf */; };
		94DC631F14273AD000151B26 /* RWAppDelegate.m in Sources */ = {isa = PBXBuildFile; fileRef = 94DC631E14273AD000151B26 /* RWAppDelegate.m */; };
		94DC632214273AD100151B26 /* MainMenu.xib in Resources */ = {isa = PBXBuildFile; fileRef = 94DC632014273AD100151B26 /* MainMenu.xib */; };
/* End PBXBuildFile section */

/* Begin PBXFileReference section */
		94DC630714273AD000151B26 /* GTask-Mac.app */ = {isa = PBXFileReference; explicitFileType = wrapper.application; includeInIndex = 0; path = "GTask-Mac.app"; sourceTree = BUILT_PRODUCTS_DIR; };
		94DC630B14273AD000151B26 /* Cocoa.framework */ = {isa = PBXFileReference; lastKnownFileType = wrapper.framework; name = Cocoa.framework; path = System/Library/Frameworks/Cocoa.framework; sourceTree = SDKROOT; };
		94DC630E14273AD000151B26 /* AppKit.framework */ = {isa = PBXFileReference; lastKnownFileType = wrapper.framework; name = AppKit.framework; path = System/Library/Frameworks/AppKit.framework; sourceTree = SDKROOT; };
		94DC630F14273AD000151B26 /* CoreData.framework */ = {isa = PBXFileReference; lastKnownFileType = wrapper.framework; name = CoreData.framework; path = System/Library/Frameworks/CoreData.framework; sourceTree = SDKROOT; };
		94DC631014273AD000151B26 /* Foundation.framework */ = {isa = PBXFileReference; lastKnownFileType = wrapper.framework; name = Foundation.framework; path = System/Library/Frameworks/Foundation.framework; sourceTree = SDKROOT; };
		94DC631314273AD000151B26 /* GTask-Mac-Info.plist */ = {isa = PBXFileReference; lastKnownFileType = text.plist.xml; path = "GTask-Mac-Info.plist"; sourceTree = "<group>"; };
		94DC631514273AD000151B26 /* en */ = {isa = PBXFileReference; lastKnownFileType = text.plist.strings; name = en; path = en.lproj/InfoPlist.strings; sourceTree = "<group>"; };
		94DC631714273AD000151B26 /* main.m */ = {isa = PBXFileReference; lastKnownFileType = sourcecode.c.objc; path = main.m; sourceTree = "<group>"; };
		94DC631914273AD000151B26 /* GTask-Mac-Prefix.pch */ = {isa = PBXFileReference; lastKnownFileType = sourcecode.c.h; path = "GTask-Mac-Prefix.pch"; sourceTree = "<group>"; };
		94DC631B14273AD000151B26 /* en */ = {isa = PBXFileReference; lastKnownFileType = text.rtf; name = en; path = en.lproj/Credits.rtf; sourceTree = "<group>"; };
		94DC631D14273AD000151B26 /* RWAppDelegate.h */ = {isa = PBXFileReference; lastKnownFileType = sourcecode.c.h; path = RWAppDelegate.h; sourceTree = "<group>"; };
		94DC631E14273AD000151B26 /* RWAppDelegate.m */ = {isa = PBXFileReference; lastKnownFileType = sourcecode.c.objc; path = RWAppDelegate.m; sourceTree = "<group>"; };
		94DC632114273AD100151B26 /* en */ = {isa = PBXFileReference; lastKnownFileType = file.xib; name = en; path = en.lproj/MainMenu.xib; sourceTree = "<group>"; };
/* End PBXFileReference section */

/* Begin PBXFrameworksBuildPhase section */
		94DC630414273AD000151B26 /* Frameworks */ = {
			isa = PBXFrameworksBuildPhase;
			buildActionMask = 2147483647;
			files = (
				94DC630C14273AD000151B26 /* Cocoa.framework in Frameworks */,
			);
			runOnlyForDeploymentPostprocessing = 0;
		};
/* End PBXFrameworksBuildPhase section */

/* Begin PBXGroup section */
		94DC62FC14273AD000151B26 = {
			isa = PBXGroup;
			children = (
				94DC631114273AD000151B26 /* GTask-Mac */,
				94DC630A14273AD000151B26 /* Frameworks */,
				94DC630814273AD000151B26 /* Products */,
			);
			sourceTree = "<group>";
		};
		94DC630814273AD000151B26 /* Products */ = {
			isa = PBXGroup;
			children = (
				94DC630714273AD000151B26 /* GTask-Mac.app */,
			);
			name = Products;
			sourceTree = "<group>";
		};
		94DC630A14273AD000151B26 /* Frameworks */ = {
			isa = PBXGroup;
			children = (
				94DC630B14273AD000151B26 /* Cocoa.framework */,
				94DC630D14273AD000151B26 /* Other Frameworks */,
			);
			name = Frameworks;
			sourceTree = "<group>";
		};
		94DC630D14273AD000151B26 /* Other Frameworks */ = {
			isa = PBXGroup;
			children = (
				94DC630E14273AD000151B26 /* AppKit.framework */,
				94DC630F14273AD000151B26 /* CoreData.framework */,
				94DC631014273AD000151B26 /* Foundation.framework */,
			);
			name = "Other Frameworks";
			sourceTree = "<group>";
		};
		94DC631114273AD000151B26 /* GTask-Mac */ = {
			isa = PBXGroup;
			children = (
				94DC631D14273AD000151B26 /* RWAppDelegate.h */,
				94DC631E14273AD000151B26 /* RWAppDelegate.m */,
				94DC632014273AD100151B26 /* MainMenu.xib */,
				94DC631214273AD000151B26 /* Supporting Files */,
			);
			path = "GTask-Mac";
			sourceTree = "<group>";
		};
		94DC631214273AD000151B26 /* Supporting Files */ = {
			isa = PBXGroup;
			children = (
				94DC631314273AD000151B26 /* GTask-Mac-Info.plist */,
				94DC631414273AD000151B26 /* InfoPlist.strings */,
				94DC631714273AD000151B26 /* main.m */,
				94DC631914273AD000151B26 /* GTask-Mac-Prefix.pch */,
				94DC631A14273AD000151B26 /* Credits.rtf */,
			);
			name = "Supporting Files";
			sourceTree = "<group>";
		};
/* End PBXGroup section */

/* Begin PBXNativeTarget section */
		94DC630614273AD000151B26 /* GTask-Mac */ = {
			isa = PBXNativeTarget;
			buildConfigurationList = 94DC632514273AD100151B26 /* Build configuration list for PBXNativeTarget "GTask-Mac" */;
			buildPhases = (
				94DC630314273AD000151B26 /* Sources */,
				94DC630414273AD000151B26 /* Frameworks */,
				94DC630514273AD000151B26 /* Resources */,
			);
			buildRules = (
			);
			dependencies = (
			);
			name = "GTask-Mac";
			productName = "GTask-Mac";
			productReference = 94DC630714273AD000151B26 /* GTask-Mac.app */;
			productType = "com.apple.product-type.application";
		};
/* End PBXNativeTarget section */

/* Begin PBXProject section */
		94DC62FE14273AD000151B26 /* Project object */ = {
			isa = PBXProject;
			attributes = {
				LastUpgradeCheck = 0420;
			};
			buildConfigurationList = 94DC630114273AD000151B26 /* Build configuration list for PBXProject "GTask-Mac" */;
			compatibilityVersion = "Xcode 3.2";
			developmentRegion = English;
			hasScannedForEncodings = 0;
			knownRegions = (
				en,
			);
			mainGroup = 94DC62FC14273AD000151B26;
			productRefGroup = 94DC630814273AD000151B26 /* Products */;
			projectDirPath = "";
			projectRoot = "";
			targets = (
				94DC630614273AD000151B26 /* GTask-Mac */,
			);
		};
/* End PBXProject section */

/* Begin PBXResourcesBuildPhase section */
		94DC630514273AD000151B26 /* Resources */ = {
			isa = PBXResourcesBuildPhase;
			buildActionMask = 2147483647;
			files = (
				94DC631614273AD000151B26 /* InfoPlist.strings in Resources */,
				94DC631C14273AD000151B26 /* Credits.rtf in Resources */,
				94DC632214273AD100151B26 /* MainMenu.xib in Resources */,
			);
			runOnlyForDeploymentPostprocessing = 0;
		};
/* End PBXResourcesBuildPhase section */

/* Begin PBXSourcesBuildPhase section */
		94DC630314273AD000151B26 /* Sources */ = {
			isa = PBXSourcesBuildPhase;
			buildActionMask = 2147483647;
			files = (
				94DC631814273AD000151B26 /* main.m in Sources */,
				94DC631F14273AD000151B26 /* RWAppDelegate.m in Sources */,
			);
			runOnlyForDeploymentPostprocessing = 0;
		};
/* End PBXSourcesBuildPhase section */

/* Begin PBXVariantGroup section */
		94DC631414273AD000151B26 /* InfoPlist.strings */ = {
			isa = PBXVariantGroup;
			children = (
				94DC631514273AD000151B26 /* en */,
			);
			name = InfoPlist.strings;
			sourceTree = "<group>";
		};
		94DC631A14273AD000151B26 /* Credits.rtf */ = {
			isa = PBXVariantGroup;
			children = (
				94DC631B14273AD000151B26 /* en */,
			);
			name = Credits.rtf;
			sourceTree = "<group>";
		};
		94DC632014273AD100151B26 /* MainMenu.xib */ = {
			isa = PBXVariantGroup;
			children = (
				94DC632114273AD100151B26 /* en */,
			);
			name = MainMenu.xib;
			sourceTree = "<group>";
		};
/* End PBXVariantGroup section */

/* Begin XCBuildConfiguration section */
		94DC632314273AD100151B26 /* Debug */ = {
			isa = XCBuildConfiguration;
			buildSettings = {
				ALWAYS_SEARCH_USER_PATHS = NO;
				ARCHS = "$(ARCHS_STANDARD_64_BIT)";
				COPY_PHASE_STRIP = NO;
				GCC_C_LANGUAGE_STANDARD = gnu99;
				GCC_DYNAMIC_NO_PIC = NO;
				GCC_ENABLE_OBJC_EXCEPTIONS = YES;
				GCC_OPTIMIZATION_LEVEL = 0;
				GCC_PREPROCESSOR_DEFINITIONS = (
					"DEBUG=1",
					"$(inherited)",
				);
				GCC_SYMBOLS_PRIVATE_EXTERN = NO;
				GCC_VERSION = com.apple.compilers.llvm.clang.1_0;
				GCC_WARN_64_TO_32_BIT_CONVERSION = YES;
				GCC_WARN_ABOUT_MISSING_PROTOTYPES = YES;
				GCC_WARN_ABOUT_RETURN_TYPE = YES;
				GCC_WARN_UNUSED_VARIABLE = YES;
				MACOSX_DEPLOYMENT_TARGET = 10.7;
				ONLY_ACTIVE_ARCH = YES;
				SDKROOT = macosx;
			};
			name = Debug;
		};
		94DC632414273AD100151B26 /* Release */ = {
			isa = XCBuildConfiguration;
			buildSettings = {
				ALWAYS_SEARCH_USER_PATHS = NO;
				ARCHS = "$(ARCHS_STANDARD_64_BIT)";
				COPY_PHASE_STRIP = YES;
				DEBUG_INFORMATION_FORMAT = "dwarf-with-dsym";
				GCC_C_LANGUAGE_STANDARD = gnu99;
				GCC_ENABLE_OBJC_EXCEPTIONS = YES;
				GCC_VERSION = com.apple.compilers.llvm.clang.1_0;
				GCC_WARN_64_TO_32_BIT_CONVERSION = YES;
				GCC_WARN_ABOUT_MISSING_PROTOTYPES = YES;
				GCC_WARN_ABOUT_RETURN_TYPE = YES;
				GCC_WARN_UNUSED_VARIABLE = YES;
				MACOSX_DEPLOYMENT_TARGET = 10.7;
				SDKROOT = macosx;
			};
			name = Release;
		};
		94DC632614273AD100151B26 /* Debug */ = {
			isa = XCBuildConfiguration;
			buildSettings = {
				GCC_PRECOMPILE_PREFIX_HEADER = YES;
				GCC_PREFIX_HEADER = "GTask-Mac/GTask-Mac-Prefix.pch";
				INFOPLIST_FILE = "GTask-Mac/GTask-Mac-Info.plist";
				PRODUCT_NAME = "$(TARGET_NAME)";
				WRAPPER_EXTENSION = app;
			};
			name = Debug;
		};
		94DC632714273AD100151B26 /* Release */ = {
			isa = XCBuildConfiguration;
			buildSettings = {
				GCC_PRECOMPILE_PREFIX_HEADER = YES;
				GCC_PREFIX_HEADER = "GTask-Mac/GTask-Mac-Prefix.pch";
				INFOPLIST_FILE = "GTask-Mac/GTask-Mac-Info.plist";
				PRODUCT_NAME = "$(TARGET_NAME)";
				WRAPPER_EXTENSION = app;
			};
			name = Release;
		};
/* End XCBuildConfiguration section */

/* Begin XCConfigurationList section */
		94DC630114273AD000151B26 /* Build configuration list for PBXProject "GTask-Mac" */ = {
			isa = XCConfigurationList;
			buildConfigurations = (
				94DC632314273AD100151B26 /* Debug */,
				94DC632414273AD100151B26 /* Release */,
			);
			defaultConfigurationIsVisible = 0;
			defaultConfigurationName = Release;
		};
		94DC632514273AD100151B26 /* Build configuration list for PBXNativeTarget "GTask-Mac" */ = {
			isa = XCConfigurationList;
			buildConfigurations = (
				94DC632614273AD100151B26 /* Debug */,
				94DC632714273AD100151B26 /* Release */,
			);
			defaultConfigurationIsVisible = 0;
		};
/* End XCConfigurationList section */
	};
	rootObject = 94DC62FE14273AD000151B26 /* Project object */;
}
